
Microsoft Visual Studio Solution File, Format Version 12.00
# Visual Studio Version 17
VisualStudioVersion = 17.14.36221.1 d17.14
MinimumVisualStudioVersion = 10.0.40219.1
Project("{FAE04EC0-301F-11D3-BF4B-00C04F79EFBC}") = "Fantasy.Backend", "Fantasy.Backend\Fantasy.Backend.csproj", "{8EB65280-E818-4205-95AD-AC67A177323A}"
EndProject
Project("{FAE04EC0-301F-11D3-BF4B-00C04F79EFBC}") = "Fantasy.Frontend", "Fantasy.Frontend\Fantasy.Frontend.csproj", "{100E93A6-583F-4816-B8BA-B1C3888188B8}"
EndProject
Project("{FAE04EC0-301F-11D3-BF4B-00C04F79EFBC}") = "Fantasy.Shared", "Fantasy.Shared\Fantasy.Shared.csproj", "{E1E12790-B521-4A10-B681-B309D5B72B5D}"
EndProject
Project("{FAE04EC0-301F-11D3-BF4B-00C04F79EFBC}") = "Fantasy.Tests", "Fantasy.Tests\Fantasy.Tests.csproj", "{08D78FA4-30F6-4F76-8E35-E1D522EE7E0B}"
EndProject
Global
	GlobalSection(SolutionConfigurationPlatforms) = preSolution
		Debug|Any CPU = Debug|Any CPU
		Release|Any CPU = Release|Any CPU
	EndGlobalSection
	GlobalSection(ProjectConfigurationPlatforms) = postSolution
		{8EB65280-E818-4205-95AD-AC67A177323A}.Debug|Any CPU.ActiveCfg = Debug|Any CPU
		{8EB65280-E818-4205-95AD-AC67A177323A}.Debug|Any CPU.Build.0 = Debug|Any CPU
		{8EB65280-E818-4205-95AD-AC67A177323A}.Release|Any CPU.ActiveCfg = Release|Any CPU
		{8EB65280-E818-4205-95AD-AC67A177323A}.Release|Any CPU.Build.0 = Release|Any CPU
		{100E93A6-583F-4816-B8BA-B1C3888188B8}.Debug|Any CPU.ActiveCfg = Debug|Any CPU
		{100E93A6-583F-4816-B8BA-B1C3888188B8}.Debug|Any CPU.Build.0 = Debug|Any CPU
		{100E93A6-583F-4816-B8BA-B1C3888188B8}.Release|Any CPU.ActiveCfg = Release|Any CPU
		{100E93A6-583F-4816-B8BA-B1C3888188B8}.Release|Any CPU.Build.0 = Release|Any CPU
		{E1E12790-B521-4A10-B681-B309D5B72B5D}.Debug|Any CPU.ActiveCfg = Debug|Any CPU
		{E1E12790-B521-4A10-B681-B309D5B72B5D}.Debug|Any CPU.Build.0 = Debug|Any CPU
		{E1E12790-B521-4A10-B681-B309D5B72B5D}.Release|Any CPU.ActiveCfg = Release|Any CPU
		{E1E12790-B521-4A10-B681-B309D5B72B5D}.Release|Any CPU.Build.0 = Release|Any CPU
		{08D78FA4-30F6-4F76-8E35-E1D522EE7E0B}.Debug|Any CPU.ActiveCfg = Debug|Any CPU
		{08D78FA4-30F6-4F76-8E35-E1D522EE7E0B}.Debug|Any CPU.Build.0 = Debug|Any CPU
		{08D78FA4-30F6-4F76-8E35-E1D522EE7E0B}.Release|Any CPU.ActiveCfg = Release|Any CPU
		{08D78FA4-30F6-4F76-8E35-E1D522EE7E0B}.Release|Any CPU.Build.0 = Release|Any CPU
	EndGlobalSection
	GlobalSection(SolutionProperties) = preSolution
		HideSolutionNode = FALSE
	EndGlobalSection
	GlobalSection(ExtensibilityGlobals) = postSolution
		SolutionGuid = {63C7F997-7647-41EA-BA12-FEE71C9C5E44}
	EndGlobalSection
EndGlobal
